
Microsoft Visual Studio Solution File, Format Version 12.00
# Visual Studio Version 17
VisualStudioVersion = 17.8.34322.80
MinimumVisualStudioVersion = 10.0.40219.1
Project("{FAE04EC0-301F-11D3-BF4B-00C04F79EFBC}") = "TubeGram.API", "src\Backend\TubeGram.API\TubeGram.API.csproj", "{5FD3B17D-FC74-43B9-93E7-6FF0D693D3C0}"
EndProject
Global
	GlobalSection(SolutionConfigurationPlatforms) = preSolution
		Debug|Any CPU = Debug|Any CPU
		Release|Any CPU = Release|Any CPU
	EndGlobalSection
	GlobalSection(ProjectConfigurationPlatforms) = postSolution
		{5FD3B17D-FC74-43B9-93E7-6FF0D693D3C0}.Debug|Any CPU.ActiveCfg = Debug|Any CPU
		{5FD3B17D-FC74-43B9-93E7-6FF0D693D3C0}.Debug|Any CPU.Build.0 = Debug|Any CPU
		{5FD3B17D-FC74-43B9-93E7-6FF0D693D3C0}.Release|Any CPU.ActiveCfg = Release|Any CPU
		{5FD3B17D-FC74-43B9-93E7-6FF0D693D3C0}.Release|Any CPU.Build.0 = Release|Any CPU
	EndGlobalSection
	GlobalSection(SolutionProperties) = preSolution
		HideSolutionNode = FALSE
	EndGlobalSection
	GlobalSection(ExtensibilityGlobals) = postSolution
		SolutionGuid = {7E25AA66-AF61-490B-BEDE-77AFD6B38F33}
	EndGlobalSection
EndGlobal
